
Microsoft Visual Studio Solution File, Format Version 12.00
# Visual Studio Version 16
VisualStudioVersion = 16.0.31321.278
MinimumVisualStudioVersion = 10.0.40219.1
Project("{FAE04EC0-301F-11D3-BF4B-00C04F79EFBC}") = "Interface_Execicio", "Interface_Execicio\Interface_Execicio.csproj", "{B30871E1-1565-4675-949A-F3A8D755A7C9}"
EndProject
Global
	GlobalSection(SolutionConfigurationPlatforms) = preSolution
		Debug|Any CPU = Debug|Any CPU
		Release|Any CPU = Release|Any CPU
	EndGlobalSection
	GlobalSection(ProjectConfigurationPlatforms) = postSolution
		{B30871E1-1565-4675-949A-F3A8D755A7C9}.Debug|Any CPU.ActiveCfg = Debug|Any CPU
		{B30871E1-1565-4675-949A-F3A8D755A7C9}.Debug|Any CPU.Build.0 = Debug|Any CPU
		{B30871E1-1565-4675-949A-F3A8D755A7C9}.Release|Any CPU.ActiveCfg = Release|Any CPU
		{B30871E1-1565-4675-949A-F3A8D755A7C9}.Release|Any CPU.Build.0 = Release|Any CPU
	EndGlobalSection
	GlobalSection(SolutionProperties) = preSolution
		HideSolutionNode = FALSE
	EndGlobalSection
	GlobalSection(ExtensibilityGlobals) = postSolution
		SolutionGuid = {ECDC3DCB-A1DB-42CC-BC09-983417C2E184}
	EndGlobalSection
EndGlobal
